{
  "name": "ayra-ngrok-setup",
  "version": "1.0.0",
  "lockfileVersion": 3,
  "requires": true,
  "packages": {
    "": {
      "name": "ayra-ngrok-setup",
      "version": "1.0.0",
      "dependencies": {
        "@ngrok/ngrok": "^1.4.1",
        "dotenv": "^16.3.1"
      }
    },
    "node_modules/@ngrok/ngrok": {
      "version": "1.6.0",
      "resolved": "https://registry.npmjs.org/@ngrok/ngrok/-/ngrok-1.6.0.tgz",
      "integrity": "sha512-TWC6nh4Kl16HjhG/bVhpYNP5UIyJc9oZetCrnO4r5+gq95eIxZKoLXzuAyC0gF/J+NEY3c1euFAET5Sn9wOWaw==",
      "license": "(MIT OR Apache-2.0)",
      "engines": {
        "node": ">= 10"
      },
      "optionalDependencies": {
        "@ngrok/ngrok-android-arm64": "1.6.0",
        "@ngrok/ngrok-darwin-arm64": "1.6.0",
        "@ngrok/ngrok-darwin-universal": "1.6.0",
        "@ngrok/ngrok-darwin-x64": "1.6.0",
        "@ngrok/ngrok-freebsd-x64": "1.6.0",
        "@ngrok/ngrok-linux-arm-gnueabihf": "1.6.0",
        "@ngrok/ngrok-linux-arm64-gnu": "1.6.0",
        "@ngrok/ngrok-linux-arm64-musl": "1.6.0",
        "@ngrok/ngrok-linux-x64-gnu": "1.6.0",
        "@ngrok/ngrok-linux-x64-musl": "1.6.0",
        "@ngrok/ngrok-win32-arm64-msvc": "1.6.0",
        "@ngrok/ngrok-win32-ia32-msvc": "1.6.0",
        "@ngrok/ngrok-win32-x64-msvc": "1.6.0"
      }
    },
    "node_modules/@ngrok/ngrok-android-arm64": {
      "version": "1.6.0",
      "resolved": "https://registry.npmjs.org/@ngrok/ngrok-android-arm64/-/ngrok-android-arm64-1.6.0.tgz",
      "integrity": "sha512-gOfVVjYq7ruPMgH108j99uaBUkwD1DxDpnk+RufQHzxRKL72MZad7QfaRwc1v8iRMyOh3EKYYvU2y8HSXDbSkA==",
      "cpu": [
        "arm64"
      ],
      "license": "MIT",
      "optional": true,
      "os": [
        "android"
      ],
      "engines": {
        "node": ">= 10"
      }
    },
    "node_modules/@ngrok/ngrok-darwin-arm64": {
      "version": "1.6.0",
      "resolved": "https://registry.npmjs.org/@ngrok/ngrok-darwin-arm64/-/ngrok-darwin-arm64-1.6.0.tgz",
      "integrity": "sha512-YdKlEkz0PHHnoy2UlEH2XMrupetmT6K6bLrF+MFWrKYKpIbOuGV4HcVioh1iu0NTmn7xJwrAbo/Mwx2E95/qdg==",
      "cpu": [
        "arm64"
      ],
      "license": "MIT",
      "optional": true,
      "os": [
        "darwin"
      ],
      "engines": {
        "node": ">= 10"
      }
    },
    "node_modules/@ngrok/ngrok-darwin-universal": {
      "version": "1.6.0",
      "resolved": "https://registry.npmjs.org/@ngrok/ngrok-darwin-universal/-/ngrok-darwin-universal-1.6.0.tgz",
      "integrity": "sha512-yiUCkg10+vUKgvkD2rAZHlzvZmINUNF7mna7iL+ydh4pOx6jamSwDQ2QRseVAyxC9eZVy/rKFYLVnz2Ci+0D9w==",
      "license": "MIT",
      "optional": true,
      "os": [
        "darwin"
      ],
      "engines": {
        "node": ">= 10"
      }
    },
    "node_modules/@ngrok/ngrok-darwin-x64": {
      "version": "1.6.0",
      "resolved": "https://registry.npmjs.org/@ngrok/ngrok-darwin-x64/-/ngrok-darwin-x64-1.6.0.tgz",
      "integrity": "sha512-a6LbwODDDCRpriILe+1lq+zuIjGbj+pR1A0KThTP8riVTQ538DMqR09kv5Oz7ZqcclS/IK+3ZLKkxHuPX9ob3g==",
      "cpu": [
        "x64"
      ],
      "license": "MIT",
      "optional": true,
      "os": [
        "darwin"
      ],
      "engines": {
        "node": ">= 10"
      }
    },
    "node_modules/@ngrok/ngrok-freebsd-x64": {
      "version": "1.6.0",
      "resolved": "https://registry.npmjs.org/@ngrok/ngrok-freebsd-x64/-/ngrok-freebsd-x64-1.6.0.tgz",
      "integrity": "sha512-t77ayWr0zPrW75DstzvoE6Hwj7h1mpQSFKQ3I0B3iC9o7XZhcNkwFpX8QLbmQNkeHxz5UhlBtzOYPdzDJY+3uw==",
      "cpu": [
        "x64"
      ],
      "license": "MIT",
      "optional": true,
      "os": [
        "freebsd"
      ],
      "engines": {
        "node": ">= 10"
      }
    },
    "node_modules/@ngrok/ngrok-linux-arm-gnueabihf": {
      "version": "1.6.0",
      "resolved": "https://registry.npmjs.org/@ngrok/ngrok-linux-arm-gnueabihf/-/ngrok-linux-arm-gnueabihf-1.6.0.tgz",
      "integrity": "sha512-NBCJnPAbl44Ua3dpO+kOkyz4cGGLu2FiDcEHBES7OARiSscoui+DyNPLe5auZFjag5/0B3ZNiDgCcdRBAi+KNQ==",
      "cpu": [
        "arm"
      ],
      "license": "MIT",
      "optional": true,
      "os": [
        "linux"
      ],
      "engines": {
        "node": ">= 10"
      }
    },
    "node_modules/@ngrok/ngrok-linux-arm64-gnu": {
      "version": "1.6.0",
      "resolved": "https://registry.npmjs.org/@ngrok/ngrok-linux-arm64-gnu/-/ngrok-linux-arm64-gnu-1.6.0.tgz",
      "integrity": "sha512-i65WIaeImO2/oyTfwUAVW1j/poLMzX/PAYsDRLXOac6/1DV6kIQX1kmr+CEs6NtmKgD76QiApbqtksd9MDlncg==",
      "cpu": [
        "arm64"
      ],
      "license": "MIT",
      "optional": true,
      "os": [
        "linux"
      ],
      "engines": {
        "node": ">= 10"
      }
    },
    "node_modules/@ngrok/ngrok-linux-arm64-musl": {
      "version": "1.6.0",
      "resolved": "https://registry.npmjs.org/@ngrok/ngrok-linux-arm64-musl/-/ngrok-linux-arm64-musl-1.6.0.tgz",
      "integrity": "sha512-7osqE43Pl6HiTeLZSEnSTtgbNQ1zqYovYjZ7lGgeKJHlgWXE6RvE7qhdjDw17ebUuT0IS8JPGZFnlyF6J0UKPQ==",
      "cpu": [
        "arm64"
      ],
      "license": "MIT",
      "optional": true,
      "os": [
        "linux"
      ],
      "engines": {
        "node": ">= 10"
      }
    },
    "node_modules/@ngrok/ngrok-linux-x64-gnu": {
      "version": "1.6.0",
      "resolved": "https://registry.npmjs.org/@ngrok/ngrok-linux-x64-gnu/-/ngrok-linux-x64-gnu-1.6.0.tgz",
      "integrity": "sha512-jP3enLStnTGTKLBXqctVt3wIVvGLP/BkLKYuXwrU1EqchtvDcsAhpspeUeX23SAtLXUgbX9vN1B6IvsAxWcyxw==",
      "cpu": [
        "x64"
      ],
      "license": "MIT",
      "optional": true,
      "os": [
        "linux"
      ],
      "engines": {
        "node": ">= 10"
      }
    },
    "node_modules/@ngrok/ngrok-linux-x64-musl": {
      "version": "1.6.0",
      "resolved": "https://registry.npmjs.org/@ngrok/ngrok-linux-x64-musl/-/ngrok-linux-x64-musl-1.6.0.tgz",
      "integrity": "sha512-hrBrXCofgmY9pc36N0nfDS+bfomu5hOqt0N5IQkL4n0UaQcl48tKddIex2eR+mU3QBYh6p1XKxAwyAVjwplD2w==",
      "cpu": [
        "x64"
      ],
      "license": "MIT",
      "optional": true,
      "os": [
        "linux"
      ],
      "engines": {
        "node": ">= 10"
      }
    },
    "node_modules/@ngrok/ngrok-win32-arm64-msvc": {
      "version": "1.6.0",
      "resolved": "https://registry.npmjs.org/@ngrok/ngrok-win32-arm64-msvc/-/ngrok-win32-arm64-msvc-1.6.0.tgz",
      "integrity": "sha512-EXJXFaXh/cNRaTqs02EmysILtcSImFWwC98mjG6PU5MEG+gqNz8AddnqFytY0RRxkR9SxwnC+7QAV3qYOSU6kA==",
      "cpu": [
        "arm64"
      ],
      "license": "MIT",
      "optional": true,
      "os": [
        "win32"
      ],
      "engines": {
        "node": ">= 10"
      }
    },
    "node_modules/@ngrok/ngrok-win32-ia32-msvc": {
      "version": "1.6.0",
      "resolved": "https://registry.npmjs.org/@ngrok/ngrok-win32-ia32-msvc/-/ngrok-win32-ia32-msvc-1.6.0.tgz",
      "integrity": "sha512-R+5WB6ONT4ynHFusxRw8kbXx2SBYftl6XUiNQNmwwCdwdNO7fPzdwhbmbzgfCEjQrYQrXD1vs5J+zJJeSaAicw==",
      "cpu": [
        "ia32"
      ],
      "license": "MIT",
      "optional": true,
      "os": [
        "win32"
      ],
      "engines": {
        "node": ">= 10"
      }
    },
    "node_modules/@ngrok/ngrok-win32-x64-msvc": {
      "version": "1.6.0",
      "resolved": "https://registry.npmjs.org/@ngrok/ngrok-win32-x64-msvc/-/ngrok-win32-x64-msvc-1.6.0.tgz",
      "integrity": "sha512-4QViW0GSPsjmghYPExO0Jt9DtIybK23MXPP0BltOuoFP0iyA15vb03QXAI4223zlSLWSWYnOx+qnCuzV1qT0lQ==",
      "cpu": [
        "x64"
      ],
      "license": "MIT",
      "optional": true,
      "os": [
        "win32"
      ],
      "engines": {
        "node": ">= 10"
      }
    },
    "node_modules/dotenv": {
      "version": "16.6.1",
      "resolved": "https://registry.npmjs.org/dotenv/-/dotenv-16.6.1.tgz",
      "integrity": "sha512-uBq4egWHTcTt33a72vpSG0z3HnPuIl6NqYcTrKEg2azoEyl2hpW0zqlxysq2pK9HlDIHyHyakeYaYnSAwd8bow==",
      "license": "BSD-2-Clause",
      "engines": {
        "node": ">=12"
      },
      "funding": {
        "url": "https://dotenvx.com"
      }
    }
  }
}
